Microsoft Visual Studio Solution File, Format Version 12.00
# Visual Studio Version 17
VisualStudioVersion = 17.5.2.0
MinimumVisualStudioVersion = 10.0.40219.1
Project("{FAE04EC0-301F-11D3-BF4B-00C04F79EFBC}") = "CalcImovel", "CalcImovel.csproj", "{FA48A775-2720-3696-B408-44B50517323F}"
EndProject
Global
	GlobalSection(SolutionConfigurationPlatforms) = preSolution
		Debug|Any CPU = Debug|Any CPU
		Release|Any CPU = Release|Any CPU
	EndGlobalSection
	GlobalSection(ProjectConfigurationPlatforms) = postSolution
		{FA48A775-2720-3696-B408-44B50517323F}.Debug|Any CPU.ActiveCfg = Debug|Any CPU
		{FA48A775-2720-3696-B408-44B50517323F}.Debug|Any CPU.Build.0 = Debug|Any CPU
		{FA48A775-2720-3696-B408-44B50517323F}.Release|Any CPU.ActiveCfg = Release|Any CPU
		{FA48A775-2720-3696-B408-44B50517323F}.Release|Any CPU.Build.0 = Release|Any CPU
	EndGlobalSection
	GlobalSection(SolutionProperties) = preSolution
		HideSolutionNode = FALSE
	EndGlobalSection
	GlobalSection(ExtensibilityGlobals) = postSolution
		SolutionGuid = {AE9ADD44-A010-4A23-9791-F81E38A1C180}
	EndGlobalSection
EndGlobal
